
Microsoft Visual Studio Solution File, Format Version 12.00
# Visual Studio Version 16
VisualStudioVersion = 16.0.29424.173
MinimumVisualStudioVersion = 10.0.40219.1
Project("{2150E333-8FDC-42A3-9474-1A3956D46DE8}") = "CSharp in a Nutshell", "CSharp in a Nutshell", "{41F3F7B8-4C84-4CE5-A13A-0DA3518BC2DC}"
EndProject
Project("{9A19103F-16F7-4668-BE54-9A1E7A4F7556}") = "Nutshell", "Nutshell\Nutshell.csproj", "{2AB1EEA8-1973-49D7-BCD5-27BDFC0709D6}"
EndProject
Global
	GlobalSection(SolutionConfigurationPlatforms) = preSolution
		Debug|Any CPU = Debug|Any CPU
		Release|Any CPU = Release|Any CPU
	EndGlobalSection
	GlobalSection(ProjectConfigurationPlatforms) = postSolution
		{2AB1EEA8-1973-49D7-BCD5-27BDFC0709D6}.Debug|Any CPU.ActiveCfg = Debug|Any CPU
		{2AB1EEA8-1973-49D7-BCD5-27BDFC0709D6}.Debug|Any CPU.Build.0 = Debug|Any CPU
		{2AB1EEA8-1973-49D7-BCD5-27BDFC0709D6}.Release|Any CPU.ActiveCfg = Release|Any CPU
		{2AB1EEA8-1973-49D7-BCD5-27BDFC0709D6}.Release|Any CPU.Build.0 = Release|Any CPU
	EndGlobalSection
	GlobalSection(SolutionProperties) = preSolution
		HideSolutionNode = FALSE
	EndGlobalSection
	GlobalSection(NestedProjects) = preSolution
		{2AB1EEA8-1973-49D7-BCD5-27BDFC0709D6} = {41F3F7B8-4C84-4CE5-A13A-0DA3518BC2DC}
	EndGlobalSection
	GlobalSection(ExtensibilityGlobals) = postSolution
		SolutionGuid = {EE72B243-3323-4EE7-B368-A3CCA77A34DF}
	EndGlobalSection
EndGlobal
